// !$*UTF8*$!
{
	archiveVersion = 1;
	classes = {
	};
	objectVersion = 46;
	objects = {

/* Begin PBXBuildFile section */
		D4FFB22C1CA3EF0C00B8389F /* main.m in Sources */ = {isa = PBXBuildFile; fileRef = D4FFB22B1CA3EF0C00B8389F /* main.m */; };
		D4FFB22F1CA3EF0C00B8389F /* AppDelegate.m in Sources */ = {isa = PBXBuildFile; fileRef = D4FFB22E1CA3EF0C00B8389F /* AppDelegate.m */; };
		D4FFB2321CA3EF0C00B8389F /* ViewController.m in Sources */ = {isa = PBXBuildFile; fileRef = D4FFB2311CA3EF0C00B8389F /* ViewController.m */; };
		D4FFB2351CA3EF0C00B8389F /* Main.storyboard in Resources */ = {isa = PBXBuildFile; fileRef = D4FFB2331CA3EF0C00B8389F /* Main.storyboard */; };
		D4FFB2371CA3EF0C00B8389F /* Assets.xcassets in Resources */ = {isa = PBXBuildFile; fileRef = D4FFB2361CA3EF0C00B8389F /* Assets.xcassets */; };
		D4FFB23A1CA3EF0C00B8389F /* LaunchScreen.storyboard in Resources */ = {isa = PBXBuildFile; fileRef = D4FFB2381CA3EF0C00B8389F /* LaunchScreen.storyboard */; };
		D4FFB2451CA3EF0C00B8389F /* DemoTests.m in Sources */ = {isa = PBXBuildFile; fileRef = D4FFB2441CA3EF0C00B8389F /* DemoTests.m */; };
		D4FFB2501CA3EF0C00B8389F /* DemoUITests.m in Sources */ = {isa = PBXBuildFile; fileRef = D4FFB24F1CA3EF0C00B8389F /* DemoUITests.m */; };
		D4FFB2611CA3EF4700B8389F /* ZCTableViewController.m in Sources */ = {isa = PBXBuildFile; fileRef = D4FFB25E1CA3EF4700B8389F /* ZCTableViewController.m */; };
		D4FFB2621CA3EF4700B8389F /* ZCViewController.m in Sources */ = {isa = PBXBuildFile; fileRef = D4FFB2601CA3EF4700B8389F /* ZCViewController.m */; };
/* End PBXBuildFile section */

/* Begin PBXContainerItemProxy section */
		D4FFB2411CA3EF0C00B8389F /* PBXContainerItemProxy */ = {
			isa = PBXContainerItemProxy;
			containerPortal = D4FFB21F1CA3EF0C00B8389F /* Project object */;
			proxyType = 1;
			remoteGlobalIDString = D4FFB2261CA3EF0C00B8389F;
			remoteInfo = Demo;
		};
		D4FFB24C1CA3EF0C00B8389F /* PBXContainerItemProxy */ = {
			isa = PBXContainerItemProxy;
			containerPortal = D4FFB21F1CA3EF0C00B8389F /* Project object */;
			proxyType = 1;
			remoteGlobalIDString = D4FFB2261CA3EF0C00B8389F;
			remoteInfo = Demo;
		};
/* End PBXContainerItemProxy section */

/* Begin PBXFileReference section */
		D4FFB2271CA3EF0C00B8389F /* Demo.app */ = {isa = PBXFileReference; explicitFileType = wrapper.application; includeInIndex = 0; path = Demo.app; sourceTree = BUILT_PRODUCTS_DIR; };
		D4FFB22B1CA3EF0C00B8389F /* main.m */ = {isa = PBXFileReference; lastKnownFileType = sourcecode.c.objc; path = main.m; sourceTree = "<group>"; };
		D4FFB22D1CA3EF0C00B8389F /* AppDelegate.h */ = {isa = PBXFileReference; lastKnownFileType = sourcecode.c.h; path = AppDelegate.h; sourceTree = "<group>"; };
		D4FFB22E1CA3EF0C00B8389F /* AppDelegate.m */ = {isa = PBXFileReference; lastKnownFileType = sourcecode.c.objc; path = AppDelegate.m; sourceTree = "<group>"; };
		D4FFB2301CA3EF0C00B8389F /* ViewController.h */ = {isa = PBXFileReference; lastKnownFileType = sourcecode.c.h; path = ViewController.h; sourceTree = "<group>"; };
		D4FFB2311CA3EF0C00B8389F /* ViewController.m */ = {isa = PBXFileReference; lastKnownFileType = sourcecode.c.objc; path = ViewController.m; sourceTree = "<group>"; };
		D4FFB2341CA3EF0C00B8389F /* Base */ = {isa = PBXFileReference; lastKnownFileType = file.storyboard; name = Base; path = Base.lproj/Main.storyboard; sourceTree = "<group>"; };
		D4FFB2361CA3EF0C00B8389F /* Assets.xcassets */ = {isa = PBXFileReference; lastKnownFileType = folder.assetcatalog; path = Assets.xcassets; sourceTree = "<group>"; };
		D4FFB2391CA3EF0C00B8389F /* Base */ = {isa = PBXFileReference; lastKnownFileType = file.storyboard; name = Base; path = Base.lproj/LaunchScreen.storyboard; sourceTree = "<group>"; };
		D4FFB23B1CA3EF0C00B8389F /* Info.plist */ = {isa = PBXFileReference; lastKnownFileType = text.plist.xml; path = Info.plist; sourceTree = "<group>"; };
		D4FFB2401CA3EF0C00B8389F /* DemoTests.xctest */ = {isa = PBXFileReference; explicitFileType = wrapper.cfbundle; includeInIndex = 0; path = DemoTests.xctest; sourceTree = BUILT_PRODUCTS_DIR; };
		D4FFB2441CA3EF0C00B8389F /* DemoTests.m */ = {isa = PBXFileReference; lastKnownFileType = sourcecode.c.objc; path = DemoTests.m; sourceTree = "<group>"; };
		D4FFB2461CA3EF0C00B8389F /* Info.plist */ = {isa = PBXFileReference; lastKnownFileType = text.plist.xml; path = Info.plist; sourceTree = "<group>"; };
		D4FFB24B1CA3EF0C00B8389F /* DemoUITests.xctest */ = {isa = PBXFileReference; explicitFileType = wrapper.cfbundle; includeInIndex = 0; path = DemoUITests.xctest; sourceTree = BUILT_PRODUCTS_DIR; };
		D4FFB24F1CA3EF0C00B8389F /* DemoUITests.m */ = {isa = PBXFileReference; lastKnownFileType = sourcecode.c.objc; path = DemoUITests.m; sourceTree = "<group>"; };
		D4FFB2511CA3EF0C00B8389F /* Info.plist */ = {isa = PBXFileReference; lastKnownFileType = text.plist.xml; path = Info.plist; sourceTree = "<group>"; };
		D4FFB25D1CA3EF4700B8389F /* ZCTableViewController.h */ = {isa = PBXFileReference; fileEncoding = 4; lastKnownFileType = sourcecode.c.h; path = ZCTableViewController.h; sourceTree = "<group>"; };
		D4FFB25E1CA3EF4700B8389F /* ZCTableViewController.m */ = {isa = PBXFileReference; fileEncoding = 4; lastKnownFileType = sourcecode.c.objc; path = ZCTableViewController.m; sourceTree = "<group>"; };
		D4FFB25F1CA3EF4700B8389F /* ZCViewController.h */ = {isa = PBXFileReference; fileEncoding = 4; lastKnownFileType = sourcecode.c.h; path = ZCViewController.h; sourceTree = "<group>"; };
		D4FFB2601CA3EF4700B8389F /* ZCViewController.m */ = {isa = PBXFileReference; fileEncoding = 4; lastKnownFileType = sourcecode.c.objc; path = ZCViewController.m; sourceTree = "<group>"; };
/* End PBXFileReference section */

/* Begin PBXFrameworksBuildPhase section */
		D4FFB2241CA3EF0C00B8389F /* Frameworks */ = {
			isa = PBXFrameworksBuildPhase;
			buildActionMask = 2147483647;
			files = (
			);
			runOnlyForDeploymentPostprocessing = 0;
		};
		D4FFB23D1CA3EF0C00B8389F /* Frameworks */ = {
			isa = PBXFrameworksBuildPhase;
			buildActionMask = 2147483647;
			files = (
			);
			runOnlyForDeploymentPostprocessing = 0;
		};
		D4FFB2481CA3EF0C00B8389F /* Frameworks */ = {
			isa = PBXFrameworksBuildPhase;
			buildActionMask = 2147483647;
			files = (
			);
			runOnlyForDeploymentPostprocessing = 0;
		};
/* End PBXFrameworksBuildPhase section */

/* Begin PBXGroup section */
		D4FFB21E1CA3EF0C00B8389F = {
			isa = PBXGroup;
			children = (
				D4FFB2291CA3EF0C00B8389F /* Demo */,
				D4FFB2431CA3EF0C00B8389F /* DemoTests */,
				D4FFB24E1CA3EF0C00B8389F /* DemoUITests */,
				D4FFB2281CA3EF0C00B8389F /* Products */,
			);
			sourceTree = "<group>";
		};
		D4FFB2281CA3EF0C00B8389F /* Products */ = {
			isa = PBXGroup;
			children = (
				D4FFB2271CA3EF0C00B8389F /* Demo.app */,
				D4FFB2401CA3EF0C00B8389F /* DemoTests.xctest */,
				D4FFB24B1CA3EF0C00B8389F /* DemoUITests.xctest */,
			);
			name = Products;
			sourceTree = "<group>";
		};
		D4FFB2291CA3EF0C00B8389F /* Demo */ = {
			isa = PBXGroup;
			children = (
				D4FFB25D1CA3EF4700B8389F /* ZCTableViewController.h */,
				D4FFB25E1CA3EF4700B8389F /* ZCTableViewController.m */,
				D4FFB25F1CA3EF4700B8389F /* ZCViewController.h */,
				D4FFB2601CA3EF4700B8389F /* ZCViewController.m */,
				D4FFB22D1CA3EF0C00B8389F /* AppDelegate.h */,
				D4FFB22E1CA3EF0C00B8389F /* AppDelegate.m */,
				D4FFB2301CA3EF0C00B8389F /* ViewController.h */,
				D4FFB2311CA3EF0C00B8389F /* ViewController.m */,
				D4FFB2331CA3EF0C00B8389F /* Main.storyboard */,
				D4FFB2361CA3EF0C00B8389F /* Assets.xcassets */,
				D4FFB2381CA3EF0C00B8389F /* LaunchScreen.storyboard */,
				D4FFB23B1CA3EF0C00B8389F /* Info.plist */,
				D4FFB22A1CA3EF0C00B8389F /* Supporting Files */,
			);
			path = Demo;
			sourceTree = "<group>";
		};
		D4FFB22A1CA3EF0C00B8389F /* Supporting Files */ = {
			isa = PBXGroup;
			children = (
				D4FFB22B1CA3EF0C00B8389F /* main.m */,
			);
			name = "Supporting Files";
			sourceTree = "<group>";
		};
		D4FFB2431CA3EF0C00B8389F /* DemoTests */ = {
			isa = PBXGroup;
			children = (
				D4FFB2441CA3EF0C00B8389F /* DemoTests.m */,
				D4FFB2461CA3EF0C00B8389F /* Info.plist */,
			);
			path = DemoTests;
			sourceTree = "<group>";
		};
		D4FFB24E1CA3EF0C00B8389F /* DemoUITests */ = {
			isa = PBXGroup;
			children = (
				D4FFB24F1CA3EF0C00B8389F /* DemoUITests.m */,
				D4FFB2511CA3EF0C00B8389F /* Info.plist */,
			);
			path = DemoUITests;
			sourceTree = "<group>";
		};
/* End PBXGroup section */

/* Begin PBXNativeTarget section */
		D4FFB2261CA3EF0C00B8389F /* Demo */ = {
			isa = PBXNativeTarget;
			buildConfigurationList = D4FFB2541CA3EF0C00B8389F /* Build configuration list for PBXNativeTarget "Demo" */;
			buildPhases = (
				D4FFB2231CA3EF0C00B8389F /* Sources */,
				D4FFB2241CA3EF0C00B8389F /* Frameworks */,
				D4FFB2251CA3EF0C00B8389F /* Resources */,
			);
			buildRules = (
			);
			dependencies = (
			);
			name = Demo;
			productName = Demo;
			productReference = D4FFB2271CA3EF0C00B8389F /* Demo.app */;
			productType = "com.apple.product-type.application";
		};
		D4FFB23F1CA3EF0C00B8389F /* DemoTests */ = {
			isa = PBXNativeTarget;
			buildConfigurationList = D4FFB2571CA3EF0C00B8389F /* Build configuration list for PBXNativeTarget "DemoTests" */;
			buildPhases = (
				D4FFB23C1CA3EF0C00B8389F /* Sources */,
				D4FFB23D1CA3EF0C00B8389F /* Frameworks */,
				D4FFB23E1CA3EF0C00B8389F /* Resources */,
			);
			buildRules = (
			);
			dependencies = (
				D4FFB2421CA3EF0C00B8389F /* PBXTargetDependency */,
			);
			name = DemoTests;
			productName = DemoTests;
			productReference = D4FFB2401CA3EF0C00B8389F /* DemoTests.xctest */;
			productType = "com.apple.product-type.bundle.unit-test";
		};
		D4FFB24A1CA3EF0C00B8389F /* DemoUITests */ = {
			isa = PBXNativeTarget;
			buildConfigurationList = D4FFB25A1CA3EF0C00B8389F /* Build configuration list for PBXNativeTarget "DemoUITests" */;
			buildPhases = (
				D4FFB2471CA3EF0C00B8389F /* Sources */,
				D4FFB2481CA3EF0C00B8389F /* Frameworks */,
				D4FFB2491CA3EF0C00B8389F /* Resources */,
			);
			buildRules = (
			);
			dependencies = (
				D4FFB24D1CA3EF0C00B8389F /* PBXTargetDependency */,
			);
			name = DemoUITests;
			productName = DemoUITests;
			productReference = D4FFB24B1CA3EF0C00B8389F /* DemoUITests.xctest */;
			productType = "com.apple.product-type.bundle.ui-testing";
		};
/* End PBXNativeTarget section */

/* Begin PBXProject section */
		D4FFB21F1CA3EF0C00B8389F /* Project object */ = {
			isa = PBXProject;
			attributes = {
				LastUpgradeCheck = 0720;
				ORGANIZATIONNAME = zhangchao;
				TargetAttributes = {
					D4FFB2261CA3EF0C00B8389F = {
						CreatedOnToolsVersion = 7.2.1;
					};
					D4FFB23F1CA3EF0C00B8389F = {
						CreatedOnToolsVersion = 7.2.1;
						TestTargetID = D4FFB2261CA3EF0C00B8389F;
					};
					D4FFB24A1CA3EF0C00B8389F = {
						CreatedOnToolsVersion = 7.2.1;
						TestTargetID = D4FFB2261CA3EF0C00B8389F;
					};
				};
			};
			buildConfigurationList = D4FFB2221CA3EF0C00B8389F /* Build configuration list for PBXProject "Demo" */;
			compatibilityVersion = "Xcode 3.2";
			developmentRegion = English;
			hasScannedForEncodings = 0;
			knownRegions = (
				en,
				Base,
			);
			mainGroup = D4FFB21E1CA3EF0C00B8389F;
			productRefGroup = D4FFB2281CA3EF0C00B8389F /* Products */;
			projectDirPath = "";
			projectRoot = "";
			targets = (
				D4FFB2261CA3EF0C00B8389F /* Demo */,
				D4FFB23F1CA3EF0C00B8389F /* DemoTests */,
				D4FFB24A1CA3EF0C00B8389F /* DemoUITests */,
			);
		};
/* End PBXProject section */

/* Begin PBXResourcesBuildPhase section */
		D4FFB2251CA3EF0C00B8389F /* Resources */ = {
			isa = PBXResourcesBuildPhase;
			buildActionMask = 2147483647;
			files = (
				D4FFB23A1CA3EF0C00B8389F /* LaunchScreen.storyboard in Resources */,
				D4FFB2371CA3EF0C00B8389F /* Assets.xcassets in Resources */,
				D4FFB2351CA3EF0C00B8389F /* Main.storyboard in Resources */,
			);
			runOnlyForDeploymentPostprocessing = 0;
		};
		D4FFB23E1CA3EF0C00B8389F /* Resources */ = {
			isa = PBXResourcesBuildPhase;
			buildActionMask = 2147483647;
			files = (
			);
			runOnlyForDeploymentPostprocessing = 0;
		};
		D4FFB2491CA3EF0C00B8389F /* Resources */ = {
			isa = PBXResourcesBuildPhase;
			buildActionMask = 2147483647;
			files = (
			);
			runOnlyForDeploymentPostprocessing = 0;
		};
/* End PBXResourcesBuildPhase section */

/* Begin PBXSourcesBuildPhase section */
		D4FFB2231CA3EF0C00B8389F /* Sources */ = {
			isa = PBXSourcesBuildPhase;
			buildActionMask = 2147483647;
			files = (
				D4FFB2321CA3EF0C00B8389F /* ViewController.m in Sources */,
				D4FFB22F1CA3EF0C00B8389F /* AppDelegate.m in Sources */,
				D4FFB2611CA3EF4700B8389F /* ZCTableViewController.m in Sources */,
				D4FFB22C1CA3EF0C00B8389F /* main.m in Sources */,
				D4FFB2621CA3EF4700B8389F /* ZCViewController.m in Sources */,
			);
			runOnlyForDeploymentPostprocessing = 0;
		};
		D4FFB23C1CA3EF0C00B8389F /* Sources */ = {
			isa = PBXSourcesBuildPhase;
			buildActionMask = 2147483647;
			files = (
				D4FFB2451CA3EF0C00B8389F /* DemoTests.m in Sources */,
			);
			runOnlyForDeploymentPostprocessing = 0;
		};
		D4FFB2471CA3EF0C00B8389F /* Sources */ = {
			isa = PBXSourcesBuildPhase;
			buildActionMask = 2147483647;
			files = (
				D4FFB2501CA3EF0C00B8389F /* DemoUITests.m in Sources */,
			);
			runOnlyForDeploymentPostprocessing = 0;
		};
/* End PBXSourcesBuildPhase section */

/* Begin PBXTargetDependency section */
		D4FFB2421CA3EF0C00B8389F /* PBXTargetDependency */ = {
			isa = PBXTargetDependency;
			target = D4FFB2261CA3EF0C00B8389F /* Demo */;
			targetProxy = D4FFB2411CA3EF0C00B8389F /* PBXContainerItemProxy */;
		};
		D4FFB24D1CA3EF0C00B8389F /* PBXTargetDependency */ = {
			isa = PBXTargetDependency;
			target = D4FFB2261CA3EF0C00B8389F /* Demo */;
			targetProxy = D4FFB24C1CA3EF0C00B8389F /* PBXContainerItemProxy */;
		};
/* End PBXTargetDependency section */

/* Begin PBXVariantGroup section */
		D4FFB2331CA3EF0C00B8389F /* Main.storyboard */ = {
			isa = PBXVariantGroup;
			children = (
				D4FFB2341CA3EF0C00B8389F /* Base */,
			);
			name = Main.storyboard;
			sourceTree = "<group>";
		};
		D4FFB2381CA3EF0C00B8389F /* LaunchScreen.storyboard */ = {
			isa = PBXVariantGroup;
			children = (
				D4FFB2391CA3EF0C00B8389F /* Base */,
			);
			name = LaunchScreen.storyboard;
			sourceTree = "<group>";
		};
/* End PBXVariantGroup section */

/* Begin XCBuildConfiguration section */
		D4FFB2521CA3EF0C00B8389F /* Debug */ = {
			isa = XCBuildConfiguration;
			buildSettings = {
				ALWAYS_SEARCH_USER_PATHS = NO;
				CLANG_CXX_LANGUAGE_STANDARD = "gnu++0x";
				CLANG_CXX_LIBRARY = "libc++";
				CLANG_ENABLE_MODULES = YES;
				CLANG_ENABLE_OBJC_ARC = YES;
				CLANG_WARN_BOOL_CONVERSION = YES;
				CLANG_WARN_CONSTANT_CONVERSION = YES;
				CLANG_WARN_DIRECT_OBJC_ISA_USAGE = YES_ERROR;
				CLANG_WARN_EMPTY_BODY = YES;
				CLANG_WARN_ENUM_CONVERSION = YES;
				CLANG_WARN_INT_CONVERSION = YES;
				CLANG_WARN_OBJC_ROOT_CLASS = YES_ERROR;
				CLANG_WARN_UNREACHABLE_CODE = YES;
				CLANG_WARN__DUPLICATE_METHOD_MATCH = YES;
				"CODE_SIGN_IDENTITY[sdk=iphoneos*]" = "iPhone Developer";
				COPY_PHASE_STRIP = NO;
				DEBUG_INFORMATION_FORMAT = dwarf;
				ENABLE_STRICT_OBJC_MSGSEND = YES;
				ENABLE_TESTABILITY = YES;
				GCC_C_LANGUAGE_STANDARD = gnu99;
				GCC_DYNAMIC_NO_PIC = NO;
				GCC_NO_COMMON_BLOCKS = YES;
				GCC_OPTIMIZATION_LEVEL = 0;
				GCC_PREPROCESSOR_DEFINITIONS = (
					"DEBUG=1",
					"$(inherited)",
				);
				GCC_WARN_64_TO_32_BIT_CONVERSION = YES;
				GCC_WARN_ABOUT_RETURN_TYPE = YES_ERROR;
				GCC_WARN_UNDECLARED_SELECTOR = YES;
				GCC_WARN_UNINITIALIZED_AUTOS = YES_AGGRESSIVE;
				GCC_WARN_UNUSED_FUNCTION = YES;
				GCC_WARN_UNUSED_VARIABLE = YES;
				IPHONEOS_DEPLOYMENT_TARGET = 9.2;
				MTL_ENABLE_DEBUG_INFO = YES;
				ONLY_ACTIVE_ARCH = YES;
				SDKROOT = iphoneos;
				TARGETED_DEVICE_FAMILY = "1,2";
			};
			name = Debug;
		};
		D4FFB2531CA3EF0C00B8389F /* Release */ = {
			isa = XCBuildConfiguration;
			buildSettings = {
				ALWAYS_SEARCH_USER_PATHS = NO;
				CLANG_CXX_LANGUAGE_STANDARD = "gnu++0x";
				CLANG_CXX_LIBRARY = "libc++";
				CLANG_ENABLE_MODULES = YES;
				CLANG_ENABLE_OBJC_ARC = YES;
				CLANG_WARN_BOOL_CONVERSION = YES;
				CLANG_WARN_CONSTANT_CONVERSION = YES;
				CLANG_WARN_DIRECT_OBJC_ISA_USAGE = YES_ERROR;
				CLANG_WARN_EMPTY_BODY = YES;
				CLANG_WARN_ENUM_CONVERSION = YES;
				CLANG_WARN_INT_CONVERSION = YES;
				CLANG_WARN_OBJC_ROOT_CLASS = YES_ERROR;
				CLANG_WARN_UNREACHABLE_CODE = YES;
				CLANG_WARN__DUPLICATE_METHOD_MATCH = YES;
				"CODE_SIGN_IDENTITY[sdk=iphoneos*]" = "iPhone Developer";
				COPY_PHASE_STRIP = NO;
				DEBUG_INFORMATION_FORMAT = "dwarf-with-dsym";
				ENABLE_NS_ASSERTIONS = NO;
				ENABLE_STRICT_OBJC_MSGSEND = YES;
				GCC_C_LANGUAGE_STANDARD = gnu99;
				GCC_NO_COMMON_BLOCKS = YES;
				GCC_WARN_64_TO_32_BIT_CONVERSION = YES;
				GCC_WARN_ABOUT_RETURN_TYPE = YES_ERROR;
				GCC_WARN_UNDECLARED_SELECTOR = YES;
				GCC_WARN_UNINITIALIZED_AUTOS = YES_AGGRESSIVE;
				GCC_WARN_UNUSED_FUNCTION = YES;
				GCC_WARN_UNUSED_VARIABLE = YES;
				IPHONEOS_DEPLOYMENT_TARGET = 9.2;
				MTL_ENABLE_DEBUG_INFO = NO;
				SDKROOT = iphoneos;
				TARGETED_DEVICE_FAMILY = "1,2";
				VALIDATE_PRODUCT = YES;
			};
			name = Release;
		};
		D4FFB2551CA3EF0C00B8389F /* Debug */ = {
			isa = XCBuildConfiguration;
			buildSettings = {
				ASSETCATALOG_COMPILER_APPICON_NAME = AppIcon;
				INFOPLIST_FILE = Demo/Info.plist;
				LD_RUNPATH_SEARCH_PATHS = "$(inherited) @executable_path/Frameworks";
				PRODUCT_BUNDLE_IDENTIFIER = com.JXCH.Demo;
				PRODUCT_NAME = "$(TARGET_NAME)";
			};
			name = Debug;
		};
		D4FFB2561CA3EF0C00B8389F /* Release */ = {
			isa = XCBuildConfiguration;
			buildSettings = {
				ASSETCATALOG_COMPILER_APPICON_NAME = AppIcon;
				INFOPLIST_FILE = Demo/Info.plist;
				LD_RUNPATH_SEARCH_PATHS = "$(inherited) @executable_path/Frameworks";
				PRODUCT_BUNDLE_IDENTIFIER = com.JXCH.Demo;
				PRODUCT_NAME = "$(TARGET_NAME)";
			};
			name = Release;
		};
		D4FFB2581CA3EF0C00B8389F /* Debug */ = {
			isa = XCBuildConfiguration;
			buildSettings = {
				BUNDLE_LOADER = "$(TEST_HOST)";
				INFOPLIST_FILE = DemoTests/Info.plist;
				LD_RUNPATH_SEARCH_PATHS = "$(inherited) @executable_path/Frameworks @loader_path/Frameworks";
				PRODUCT_BUNDLE_IDENTIFIER = com.JXCH.DemoTests;
				PRODUCT_NAME = "$(TARGET_NAME)";
				TEST_HOST = "$(BUILT_PRODUCTS_DIR)/Demo.app/Demo";
			};
			name = Debug;
		};
		D4FFB2591CA3EF0C00B8389F /* Release */ = {
			isa = XCBuildConfiguration;
			buildSettings = {
				BUNDLE_LOADER = "$(TEST_HOST)";
				INFOPLIST_FILE = DemoTests/Info.plist;
				LD_RUNPATH_SEARCH_PATHS = "$(inherited) @executable_path/Frameworks @loader_path/Frameworks";
				PRODUCT_BUNDLE_IDENTIFIER = com.JXCH.DemoTests;
				PRODUCT_NAME = "$(TARGET_NAME)";
				TEST_HOST = "$(BUILT_PRODUCTS_DIR)/Demo.app/Demo";
			};
			name = Release;
		};
		D4FFB25B1CA3EF0C00B8389F /* Debug */ = {
			isa = XCBuildConfiguration;
			buildSettings = {
				INFOPLIST_FILE = DemoUITests/Info.plist;
				LD_RUNPATH_SEARCH_PATHS = "$(inherited) @executable_path/Frameworks @loader_path/Frameworks";
				PRODUCT_BUNDLE_IDENTIFIER = com.JXCH.DemoUITests;
				PRODUCT_NAME = "$(TARGET_NAME)";
				TEST_TARGET_NAME = Demo;
				USES_XCTRUNNER = YES;
			};
			name = Debug;
		};
		D4FFB25C1CA3EF0C00B8389F /* Release */ = {
			isa = XCBuildConfiguration;
			buildSettings = {
				INFOPLIST_FILE = DemoUITests/Info.plist;
				LD_RUNPATH_SEARCH_PATHS = "$(inherited) @executable_path/Frameworks @loader_path/Frameworks";
				PRODUCT_BUNDLE_IDENTIFIER = com.JXCH.DemoUITests;
				PRODUCT_NAME = "$(TARGET_NAME)";
				TEST_TARGET_NAME = Demo;
				USES_XCTRUNNER = YES;
			};
			name = Release;
		};
/* End XCBuildConfiguration section */

/* Begin XCConfigurationList section */
		D4FFB2221CA3EF0C00B8389F /* Build configuration list for PBXProject "Demo" */ = {
			isa = XCConfigurationList;
			buildConfigurations = (
				D4FFB2521CA3EF0C00B8389F /* Debug */,
				D4FFB2531CA3EF0C00B8389F /* Release */,
			);
			defaultConfigurationIsVisible = 0;
			defaultConfigurationName = Release;
		};
		D4FFB2541CA3EF0C00B8389F /* Build configuration list for PBXNativeTarget "Demo" */ = {
			isa = XCConfigurationList;
			buildConfigurations = (
				D4FFB2551CA3EF0C00B8389F /* Debug */,
				D4FFB2561CA3EF0C00B8389F /* Release */,
			);
			defaultConfigurationIsVisible = 0;
		};
		D4FFB2571CA3EF0C00B8389F /* Build configuration list for PBXNativeTarget "DemoTests" */ = {
			isa = XCConfigurationList;
			buildConfigurations = (
				D4FFB2581CA3EF0C00B8389F /* Debug */,
				D4FFB2591CA3EF0C00B8389F /* Release */,
			);
			defaultConfigurationIsVisible = 0;
		};
		D4FFB25A1CA3EF0C00B8389F /* Build configuration list for PBXNativeTarget "DemoUITests" */ = {
			isa = XCConfigurationList;
			buildConfigurations = (
				D4FFB25B1CA3EF0C00B8389F /* Debug */,
				D4FFB25C1CA3EF0C00B8389F /* Release */,
			);
			defaultConfigurationIsVisible = 0;
		};
/* End XCConfigurationList section */
	};
	rootObject = D4FFB21F1CA3EF0C00B8389F /* Project object */;
}
